
Microsoft Visual Studio Solution File, Format Version 12.00
# Visual Studio 15
VisualStudioVersion = 15.0.28307.960
MinimumVisualStudioVersion = 10.0.40219.1
Project("{FAE04EC0-301F-11D3-BF4B-00C04F79EFBC}") = "NoxMacro", "NoxMacro\NoxMacro.csproj", "{344E4C05-0D09-4F98-AAD0-469732A26989}"
EndProject
Global
	GlobalSection(SolutionConfigurationPlatforms) = preSolution
		Debug|Any CPU = Debug|Any CPU
		Release|Any CPU = Release|Any CPU
	EndGlobalSection
	GlobalSection(ProjectConfigurationPlatforms) = postSolution
		{344E4C05-0D09-4F98-AAD0-469732A26989}.Debug|Any CPU.ActiveCfg = Debug|Any CPU
		{344E4C05-0D09-4F98-AAD0-469732A26989}.Debug|Any CPU.Build.0 = Debug|Any CPU
		{344E4C05-0D09-4F98-AAD0-469732A26989}.Release|Any CPU.ActiveCfg = Release|Any CPU
		{344E4C05-0D09-4F98-AAD0-469732A26989}.Release|Any CPU.Build.0 = Release|Any CPU
	EndGlobalSection
	GlobalSection(SolutionProperties) = preSolution
		HideSolutionNode = FALSE
	EndGlobalSection
	GlobalSection(ExtensibilityGlobals) = postSolution
		SolutionGuid = {5D5E4530-7BCC-4157-A427-6F7FFD8F574D}
	EndGlobalSection
EndGlobal
